// !$*UTF8*$!
{
	archiveVersion = 1;
	classes = {
	};
	objectVersion = 46;
	objects = {

/* Begin PBXBuildFile section */
		04AE256F1B83767A000C903D /* AppDelegate.swift in Sources */ = {isa = PBXBuildFile; fileRef = 04AE256E1B83767A000C903D /* AppDelegate.swift */; };
		04AE25711B83767A000C903D /* ViewController.swift in Sources */ = {isa = PBXBuildFile; fileRef = 04AE25701B83767A000C903D /* ViewController.swift */; };
		04AE25741B83767A000C903D /* Main.storyboard in Resources */ = {isa = PBXBuildFile; fileRef = 04AE25721B83767A000C903D /* Main.storyboard */; };
		04AE25761B83767A000C903D /* Assets.xcassets in Resources */ = {isa = PBXBuildFile; fileRef = 04AE25751B83767A000C903D /* Assets.xcassets */; };
		04AE25791B83767A000C903D /* LaunchScreen.storyboard in Resources */ = {isa = PBXBuildFile; fileRef = 04AE25771B83767A000C903D /* LaunchScreen.storyboard */; };
		04AE25841B83767A000C903D /* UIStackView_start_demoTests.swift in Sources */ = {isa = PBXBuildFile; fileRef = 04AE25831B83767A000C903D /* UIStackView_start_demoTests.swift */; };
		04AE258F1B83767A000C903D /* UIStackView_start_demoUITests.swift in Sources */ = {isa = PBXBuildFile; fileRef = 04AE258E1B83767A000C903D /* UIStackView_start_demoUITests.swift */; };
/* End PBXBuildFile section */

/* Begin PBXContainerItemProxy section */
		04AE25801B83767A000C903D /* PBXContainerItemProxy */ = {
			isa = PBXContainerItemProxy;
			containerPortal = 04AE25631B837679000C903D /* Project object */;
			proxyType = 1;
			remoteGlobalIDString = 04AE256A1B83767A000C903D;
			remoteInfo = "UIStackView-start_demo";
		};
		04AE258B1B83767A000C903D /* PBXContainerItemProxy */ = {
			isa = PBXContainerItemProxy;
			containerPortal = 04AE25631B837679000C903D /* Project object */;
			proxyType = 1;
			remoteGlobalIDString = 04AE256A1B83767A000C903D;
			remoteInfo = "UIStackView-start_demo";
		};
/* End PBXContainerItemProxy section */

/* Begin PBXFileReference section */
		04AE256B1B83767A000C903D /* UIStackView-start_demo.app */ = {isa = PBXFileReference; explicitFileType = wrapper.application; includeInIndex = 0; path = "UIStackView-start_demo.app"; sourceTree = BUILT_PRODUCTS_DIR; };
		04AE256E1B83767A000C903D /* AppDelegate.swift */ = {isa = PBXFileReference; lastKnownFileType = sourcecode.swift; path = AppDelegate.swift; sourceTree = "<group>"; };
		04AE25701B83767A000C903D /* ViewController.swift */ = {isa = PBXFileReference; lastKnownFileType = sourcecode.swift; path = ViewController.swift; sourceTree = "<group>"; };
		04AE25731B83767A000C903D /* Base */ = {isa = PBXFileReference; lastKnownFileType = file.storyboard; name = Base; path = Base.lproj/Main.storyboard; sourceTree = "<group>"; };
		04AE25751B83767A000C903D /* Assets.xcassets */ = {isa = PBXFileReference; lastKnownFileType = folder.assetcatalog; path = Assets.xcassets; sourceTree = "<group>"; };
		04AE25781B83767A000C903D /* Base */ = {isa = PBXFileReference; lastKnownFileType = file.storyboard; name = Base; path = Base.lproj/LaunchScreen.storyboard; sourceTree = "<group>"; };
		04AE257A1B83767A000C903D /* Info.plist */ = {isa = PBXFileReference; lastKnownFileType = text.plist.xml; path = Info.plist; sourceTree = "<group>"; };
		04AE257F1B83767A000C903D /* UIStackView-start_demoTests.xctest */ = {isa = PBXFileReference; explicitFileType = wrapper.cfbundle; includeInIndex = 0; path = "UIStackView-start_demoTests.xctest"; sourceTree = BUILT_PRODUCTS_DIR; };
		04AE25831B83767A000C903D /* UIStackView_start_demoTests.swift */ = {isa = PBXFileReference; lastKnownFileType = sourcecode.swift; path = UIStackView_start_demoTests.swift; sourceTree = "<group>"; };
		04AE25851B83767A000C903D /* Info.plist */ = {isa = PBXFileReference; lastKnownFileType = text.plist.xml; path = Info.plist; sourceTree = "<group>"; };
		04AE258A1B83767A000C903D /* UIStackView-start_demoUITests.xctest */ = {isa = PBXFileReference; explicitFileType = wrapper.cfbundle; includeInIndex = 0; path = "UIStackView-start_demoUITests.xctest"; sourceTree = BUILT_PRODUCTS_DIR; };
		04AE258E1B83767A000C903D /* UIStackView_start_demoUITests.swift */ = {isa = PBXFileReference; lastKnownFileType = sourcecode.swift; path = UIStackView_start_demoUITests.swift; sourceTree = "<group>"; };
		04AE25901B83767A000C903D /* Info.plist */ = {isa = PBXFileReference; lastKnownFileType = text.plist.xml; path = Info.plist; sourceTree = "<group>"; };
/* End PBXFileReference section */

/* Begin PBXFrameworksBuildPhase section */
		04AE25681B83767A000C903D /* Frameworks */ = {
			isa = PBXFrameworksBuildPhase;
			buildActionMask = 2147483647;
			files = (
			);
			runOnlyForDeploymentPostprocessing = 0;
		};
		04AE257C1B83767A000C903D /* Frameworks */ = {
			isa = PBXFrameworksBuildPhase;
			buildActionMask = 2147483647;
			files = (
			);
			runOnlyForDeploymentPostprocessing = 0;
		};
		04AE25871B83767A000C903D /* Frameworks */ = {
			isa = PBXFrameworksBuildPhase;
			buildActionMask = 2147483647;
			files = (
			);
			runOnlyForDeploymentPostprocessing = 0;
		};
/* End PBXFrameworksBuildPhase section */

/* Begin PBXGroup section */
		04AE25621B837679000C903D = {
			isa = PBXGroup;
			children = (
				04AE256D1B83767A000C903D /* UIStackView-start_demo */,
				04AE25821B83767A000C903D /* UIStackView-start_demoTests */,
				04AE258D1B83767A000C903D /* UIStackView-start_demoUITests */,
				04AE256C1B83767A000C903D /* Products */,
			);
			sourceTree = "<group>";
		};
		04AE256C1B83767A000C903D /* Products */ = {
			isa = PBXGroup;
			children = (
				04AE256B1B83767A000C903D /* UIStackView-start_demo.app */,
				04AE257F1B83767A000C903D /* UIStackView-start_demoTests.xctest */,
				04AE258A1B83767A000C903D /* UIStackView-start_demoUITests.xctest */,
			);
			name = Products;
			sourceTree = "<group>";
		};
		04AE256D1B83767A000C903D /* UIStackView-start_demo */ = {
			isa = PBXGroup;
			children = (
				04AE256E1B83767A000C903D /* AppDelegate.swift */,
				04AE25701B83767A000C903D /* ViewController.swift */,
				04AE25721B83767A000C903D /* Main.storyboard */,
				04AE25751B83767A000C903D /* Assets.xcassets */,
				04AE25771B83767A000C903D /* LaunchScreen.storyboard */,
				04AE257A1B83767A000C903D /* Info.plist */,
			);
			path = "UIStackView-start_demo";
			sourceTree = "<group>";
		};
		04AE25821B83767A000C903D /* UIStackView-start_demoTests */ = {
			isa = PBXGroup;
			children = (
				04AE25831B83767A000C903D /* UIStackView_start_demoTests.swift */,
				04AE25851B83767A000C903D /* Info.plist */,
			);
			path = "UIStackView-start_demoTests";
			sourceTree = "<group>";
		};
		04AE258D1B83767A000C903D /* UIStackView-start_demoUITests */ = {
			isa = PBXGroup;
			children = (
				04AE258E1B83767A000C903D /* UIStackView_start_demoUITests.swift */,
				04AE25901B83767A000C903D /* Info.plist */,
			);
			path = "UIStackView-start_demoUITests";
			sourceTree = "<group>";
		};
/* End PBXGroup section */

/* Begin PBXNativeTarget section */
		04AE256A1B83767A000C903D /* UIStackView-start_demo */ = {
			isa = PBXNativeTarget;
			buildConfigurationList = 04AE25931B83767A000C903D /* Build configuration list for PBXNativeTarget "UIStackView-start_demo" */;
			buildPhases = (
				04AE25671B83767A000C903D /* Sources */,
				04AE25681B83767A000C903D /* Frameworks */,
				04AE25691B83767A000C903D /* Resources */,
			);
			buildRules = (
			);
			dependencies = (
			);
			name = "UIStackView-start_demo";
			productName = "UIStackView-start_demo";
			productReference = 04AE256B1B83767A000C903D /* UIStackView-start_demo.app */;
			productType = "com.apple.product-type.application";
		};
		04AE257E1B83767A000C903D /* UIStackView-start_demoTests */ = {
			isa = PBXNativeTarget;
			buildConfigurationList = 04AE25961B83767A000C903D /* Build configuration list for PBXNativeTarget "UIStackView-start_demoTests" */;
			buildPhases = (
				04AE257B1B83767A000C903D /* Sources */,
				04AE257C1B83767A000C903D /* Frameworks */,
				04AE257D1B83767A000C903D /* Resources */,
			);
			buildRules = (
			);
			dependencies = (
				04AE25811B83767A000C903D /* PBXTargetDependency */,
			);
			name = "UIStackView-start_demoTests";
			productName = "UIStackView-start_demoTests";
			productReference = 04AE257F1B83767A000C903D /* UIStackView-start_demoTests.xctest */;
			productType = "com.apple.product-type.bundle.unit-test";
		};
		04AE25891B83767A000C903D /* UIStackView-start_demoUITests */ = {
			isa = PBXNativeTarget;
			buildConfigurationList = 04AE25991B83767A000C903D /* Build configuration list for PBXNativeTarget "UIStackView-start_demoUITests" */;
			buildPhases = (
				04AE25861B83767A000C903D /* Sources */,
				04AE25871B83767A000C903D /* Frameworks */,
				04AE25881B83767A000C903D /* Resources */,
			);
			buildRules = (
			);
			dependencies = (
				04AE258C1B83767A000C903D /* PBXTargetDependency */,
			);
			name = "UIStackView-start_demoUITests";
			productName = "UIStackView-start_demoUITests";
			productReference = 04AE258A1B83767A000C903D /* UIStackView-start_demoUITests.xctest */;
			productType = "com.apple.product-type.bundle.ui-testing";
		};
/* End PBXNativeTarget section */

/* Begin PBXProject section */
		04AE25631B837679000C903D /* Project object */ = {
			isa = PBXProject;
			attributes = {
				LastUpgradeCheck = 0700;
				ORGANIZATIONNAME = CHD;
				TargetAttributes = {
					04AE256A1B83767A000C903D = {
						CreatedOnToolsVersion = 7.0;
					};
					04AE257E1B83767A000C903D = {
						CreatedOnToolsVersion = 7.0;
						TestTargetID = 04AE256A1B83767A000C903D;
					};
					04AE25891B83767A000C903D = {
						CreatedOnToolsVersion = 7.0;
						TestTargetID = 04AE256A1B83767A000C903D;
					};
				};
			};
			buildConfigurationList = 04AE25661B837679000C903D /* Build configuration list for PBXProject "UIStackView-start_demo" */;
			compatibilityVersion = "Xcode 3.2";
			developmentRegion = English;
			hasScannedForEncodings = 0;
			knownRegions = (
				en,
				Base,
			);
			mainGroup = 04AE25621B837679000C903D;
			productRefGroup = 04AE256C1B83767A000C903D /* Products */;
			projectDirPath = "";
			projectRoot = "";
			targets = (
				04AE256A1B83767A000C903D /* UIStackView-start_demo */,
				04AE257E1B83767A000C903D /* UIStackView-start_demoTests */,
				04AE25891B83767A000C903D /* UIStackView-start_demoUITests */,
			);
		};
/* End PBXProject section */

/* Begin PBXResourcesBuildPhase section */
		04AE25691B83767A000C903D /* Resources */ = {
			isa = PBXResourcesBuildPhase;
			buildActionMask = 2147483647;
			files = (
				04AE25791B83767A000C903D /* LaunchScreen.storyboard in Resources */,
				04AE25761B83767A000C903D /* Assets.xcassets in Resources */,
				04AE25741B83767A000C903D /* Main.storyboard in Resources */,
			);
			runOnlyForDeploymentPostprocessing = 0;
		};
		04AE257D1B83767A000C903D /* Resources */ = {
			isa = PBXResourcesBuildPhase;
			buildActionMask = 2147483647;
			files = (
			);
			runOnlyForDeploymentPostprocessing = 0;
		};
		04AE25881B83767A000C903D /* Resources */ = {
			isa = PBXResourcesBuildPhase;
			buildActionMask = 2147483647;
			files = (
			);
			runOnlyForDeploymentPostprocessing = 0;
		};
/* End PBXResourcesBuildPhase section */

/* Begin PBXSourcesBuildPhase section */
		04AE25671B83767A000C903D /* Sources */ = {
			isa = PBXSourcesBuildPhase;
			buildActionMask = 2147483647;
			files = (
				04AE25711B83767A000C903D /* ViewController.swift in Sources */,
				04AE256F1B83767A000C903D /* AppDelegate.swift in Sources */,
			);
			runOnlyForDeploymentPostprocessing = 0;
		};
		04AE257B1B83767A000C903D /* Sources */ = {
			isa = PBXSourcesBuildPhase;
			buildActionMask = 2147483647;
			files = (
				04AE25841B83767A000C903D /* UIStackView_start_demoTests.swift in Sources */,
			);
			runOnlyForDeploymentPostprocessing = 0;
		};
		04AE25861B83767A000C903D /* Sources */ = {
			isa = PBXSourcesBuildPhase;
			buildActionMask = 2147483647;
			files = (
				04AE258F1B83767A000C903D /* UIStackView_start_demoUITests.swift in Sources */,
			);
			runOnlyForDeploymentPostprocessing = 0;
		};
/* End PBXSourcesBuildPhase section */

/* Begin PBXTargetDependency section */
		04AE25811B83767A000C903D /* PBXTargetDependency */ = {
			isa = PBXTargetDependency;
			target = 04AE256A1B83767A000C903D /* UIStackView-start_demo */;
			targetProxy = 04AE25801B83767A000C903D /* PBXContainerItemProxy */;
		};
		04AE258C1B83767A000C903D /* PBXTargetDependency */ = {
			isa = PBXTargetDependency;
			target = 04AE256A1B83767A000C903D /* UIStackView-start_demo */;
			targetProxy = 04AE258B1B83767A000C903D /* PBXContainerItemProxy */;
		};
/* End PBXTargetDependency section */

/* Begin PBXVariantGroup section */
		04AE25721B83767A000C903D /* Main.storyboard */ = {
			isa = PBXVariantGroup;
			children = (
				04AE25731B83767A000C903D /* Base */,
			);
			name = Main.storyboard;
			sourceTree = "<group>";
		};
		04AE25771B83767A000C903D /* LaunchScreen.storyboard */ = {
			isa = PBXVariantGroup;
			children = (
				04AE25781B83767A000C903D /* Base */,
			);
			name = LaunchScreen.storyboard;
			sourceTree = "<group>";
		};
/* End PBXVariantGroup section */

/* Begin XCBuildConfiguration section */
		04AE25911B83767A000C903D /* Debug */ = {
			isa = XCBuildConfiguration;
			buildSettings = {
				ALWAYS_SEARCH_USER_PATHS = NO;
				CLANG_CXX_LANGUAGE_STANDARD = "gnu++0x";
				CLANG_CXX_LIBRARY = "libc++";
				CLANG_ENABLE_MODULES = YES;
				CLANG_ENABLE_OBJC_ARC = YES;
				CLANG_WARN_BOOL_CONVERSION = YES;
				CLANG_WARN_CONSTANT_CONVERSION = YES;
				CLANG_WARN_DIRECT_OBJC_ISA_USAGE = YES_ERROR;
				CLANG_WARN_EMPTY_BODY = YES;
				CLANG_WARN_ENUM_CONVERSION = YES;
				CLANG_WARN_INT_CONVERSION = YES;
				CLANG_WARN_OBJC_ROOT_CLASS = YES_ERROR;
				CLANG_WARN_UNREACHABLE_CODE = YES;
				CLANG_WARN__DUPLICATE_METHOD_MATCH = YES;
				"CODE_SIGN_IDENTITY[sdk=iphoneos*]" = "iPhone Developer";
				COPY_PHASE_STRIP = NO;
				DEBUG_INFORMATION_FORMAT = dwarf;
				ENABLE_STRICT_OBJC_MSGSEND = YES;
				ENABLE_TESTABILITY = YES;
				GCC_C_LANGUAGE_STANDARD = gnu99;
				GCC_DYNAMIC_NO_PIC = NO;
				GCC_NO_COMMON_BLOCKS = YES;
				GCC_OPTIMIZATION_LEVEL = 0;
				GCC_PREPROCESSOR_DEFINITIONS = (
					"DEBUG=1",
					"$(inherited)",
				);
				GCC_WARN_64_TO_32_BIT_CONVERSION = YES;
				GCC_WARN_ABOUT_RETURN_TYPE = YES_ERROR;
				GCC_WARN_UNDECLARED_SELECTOR = YES;
				GCC_WARN_UNINITIALIZED_AUTOS = YES_AGGRESSIVE;
				GCC_WARN_UNUSED_FUNCTION = YES;
				GCC_WARN_UNUSED_VARIABLE = YES;
				IPHONEOS_DEPLOYMENT_TARGET = 9.0;
				MTL_ENABLE_DEBUG_INFO = YES;
				ONLY_ACTIVE_ARCH = YES;
				SDKROOT = iphoneos;
				SWIFT_OPTIMIZATION_LEVEL = "-Onone";
				TARGETED_DEVICE_FAMILY = "1,2";
			};
			name = Debug;
		};
		04AE25921B83767A000C903D /* Release */ = {
			isa = XCBuildConfiguration;
			buildSettings = {
				ALWAYS_SEARCH_USER_PATHS = NO;
				CLANG_CXX_LANGUAGE_STANDARD = "gnu++0x";
				CLANG_CXX_LIBRARY = "libc++";
				CLANG_ENABLE_MODULES = YES;
				CLANG_ENABLE_OBJC_ARC = YES;
				CLANG_WARN_BOOL_CONVERSION = YES;
				CLANG_WARN_CONSTANT_CONVERSION = YES;
				CLANG_WARN_DIRECT_OBJC_ISA_USAGE = YES_ERROR;
				CLANG_WARN_EMPTY_BODY = YES;
				CLANG_WARN_ENUM_CONVERSION = YES;
				CLANG_WARN_INT_CONVERSION = YES;
				CLANG_WARN_OBJC_ROOT_CLASS = YES_ERROR;
				CLANG_WARN_UNREACHABLE_CODE = YES;
				CLANG_WARN__DUPLICATE_METHOD_MATCH = YES;
				"CODE_SIGN_IDENTITY[sdk=iphoneos*]" = "iPhone Developer";
				COPY_PHASE_STRIP = NO;
				DEBUG_INFORMATION_FORMAT = "dwarf-with-dsym";
				ENABLE_NS_ASSERTIONS = NO;
				ENABLE_STRICT_OBJC_MSGSEND = YES;
				GCC_C_LANGUAGE_STANDARD = gnu99;
				GCC_NO_COMMON_BLOCKS = YES;
				GCC_WARN_64_TO_32_BIT_CONVERSION = YES;
				GCC_WARN_ABOUT_RETURN_TYPE = YES_ERROR;
				GCC_WARN_UNDECLARED_SELECTOR = YES;
				GCC_WARN_UNINITIALIZED_AUTOS = YES_AGGRESSIVE;
				GCC_WARN_UNUSED_FUNCTION = YES;
				GCC_WARN_UNUSED_VARIABLE = YES;
				IPHONEOS_DEPLOYMENT_TARGET = 9.0;
				MTL_ENABLE_DEBUG_INFO = NO;
				SDKROOT = iphoneos;
				TARGETED_DEVICE_FAMILY = "1,2";
				VALIDATE_PRODUCT = YES;
			};
			name = Release;
		};
		04AE25941B83767A000C903D /* Debug */ = {
			isa = XCBuildConfiguration;
			buildSettings = {
				ASSETCATALOG_COMPILER_APPICON_NAME = AppIcon;
				INFOPLIST_FILE = "UIStackView-start_demo/Info.plist";
				LD_RUNPATH_SEARCH_PATHS = "$(inherited) @executable_path/Frameworks";
				PRODUCT_BUNDLE_IDENTIFIER = "edu.self.UIStackView-start-demo";
				PRODUCT_NAME = "$(TARGET_NAME)";
			};
			name = Debug;
		};
		04AE25951B83767A000C903D /* Release */ = {
			isa = XCBuildConfiguration;
			buildSettings = {
				ASSETCATALOG_COMPILER_APPICON_NAME = AppIcon;
				INFOPLIST_FILE = "UIStackView-start_demo/Info.plist";
				LD_RUNPATH_SEARCH_PATHS = "$(inherited) @executable_path/Frameworks";
				PRODUCT_BUNDLE_IDENTIFIER = "edu.self.UIStackView-start-demo";
				PRODUCT_NAME = "$(TARGET_NAME)";
			};
			name = Release;
		};
		04AE25971B83767A000C903D /* Debug */ = {
			isa = XCBuildConfiguration;
			buildSettings = {
				BUNDLE_LOADER = "$(TEST_HOST)";
				INFOPLIST_FILE = "UIStackView-start_demoTests/Info.plist";
				LD_RUNPATH_SEARCH_PATHS = "$(inherited) @executable_path/Frameworks @loader_path/Frameworks";
				PRODUCT_BUNDLE_IDENTIFIER = "edu.self.UIStackView-start-demoTests";
				PRODUCT_NAME = "$(TARGET_NAME)";
				TEST_HOST = "$(BUILT_PRODUCTS_DIR)/UIStackView-start_demo.app/UIStackView-start_demo";
			};
			name = Debug;
		};
		04AE25981B83767A000C903D /* Release */ = {
			isa = XCBuildConfiguration;
			buildSettings = {
				BUNDLE_LOADER = "$(TEST_HOST)";
				INFOPLIST_FILE = "UIStackView-start_demoTests/Info.plist";
				LD_RUNPATH_SEARCH_PATHS = "$(inherited) @executable_path/Frameworks @loader_path/Frameworks";
				PRODUCT_BUNDLE_IDENTIFIER = "edu.self.UIStackView-start-demoTests";
				PRODUCT_NAME = "$(TARGET_NAME)";
				TEST_HOST = "$(BUILT_PRODUCTS_DIR)/UIStackView-start_demo.app/UIStackView-start_demo";
			};
			name = Release;
		};
		04AE259A1B83767A000C903D /* Debug */ = {
			isa = XCBuildConfiguration;
			buildSettings = {
				INFOPLIST_FILE = "UIStackView-start_demoUITests/Info.plist";
				LD_RUNPATH_SEARCH_PATHS = "$(inherited) @executable_path/Frameworks @loader_path/Frameworks";
				PRODUCT_BUNDLE_IDENTIFIER = "edu.self.UIStackView-start-demoUITests";
				PRODUCT_NAME = "$(TARGET_NAME)";
				TEST_TARGET_NAME = "UIStackView-start_demo";
				USES_XCTRUNNER = YES;
			};
			name = Debug;
		};
		04AE259B1B83767A000C903D /* Release */ = {
			isa = XCBuildConfiguration;
			buildSettings = {
				INFOPLIST_FILE = "UIStackView-start_demoUITests/Info.plist";
				LD_RUNPATH_SEARCH_PATHS = "$(inherited) @executable_path/Frameworks @loader_path/Frameworks";
				PRODUCT_BUNDLE_IDENTIFIER = "edu.self.UIStackView-start-demoUITests";
				PRODUCT_NAME = "$(TARGET_NAME)";
				TEST_TARGET_NAME = "UIStackView-start_demo";
				USES_XCTRUNNER = YES;
			};
			name = Release;
		};
/* End XCBuildConfiguration section */

/* Begin XCConfigurationList section */
		04AE25661B837679000C903D /* Build configuration list for PBXProject "UIStackView-start_demo" */ = {
			isa = XCConfigurationList;
			buildConfigurations = (
				04AE25911B83767A000C903D /* Debug */,
				04AE25921B83767A000C903D /* Release */,
			);
			defaultConfigurationIsVisible = 0;
			defaultConfigurationName = Release;
		};
		04AE25931B83767A000C903D /* Build configuration list for PBXNativeTarget "UIStackView-start_demo" */ = {
			isa = XCConfigurationList;
			buildConfigurations = (
				04AE25941B83767A000C903D /* Debug */,
				04AE25951B83767A000C903D /* Release */,
			);
			defaultConfigurationIsVisible = 0;
		};
		04AE25961B83767A000C903D /* Build configuration list for PBXNativeTarget "UIStackView-start_demoTests" */ = {
			isa = XCConfigurationList;
			buildConfigurations = (
				04AE25971B83767A000C903D /* Debug */,
				04AE25981B83767A000C903D /* Release */,
			);
			defaultConfigurationIsVisible = 0;
		};
		04AE25991B83767A000C903D /* Build configuration list for PBXNativeTarget "UIStackView-start_demoUITests" */ = {
			isa = XCConfigurationList;
			buildConfigurations = (
				04AE259A1B83767A000C903D /* Debug */,
				04AE259B1B83767A000C903D /* Release */,
			);
			defaultConfigurationIsVisible = 0;
		};
/* End XCConfigurationList section */
	};
	rootObject = 04AE25631B837679000C903D /* Project object */;
}
